
Microsoft Visual Studio Solution File, Format Version 12.00
# Visual Studio Version 17
VisualStudioVersion = 17.9.34728.123
MinimumVisualStudioVersion = 10.0.40219.1
Project("{9A19103F-16F7-4668-BE54-9A1E7A4F7556}") = "MedicalSystem.Api", "MedicalSystem.Api\MedicalSystem.Api.csproj", "{C8C270B0-1BB6-476E-8750-819BBC4F709B}"
EndProject
Project("{9A19103F-16F7-4668-BE54-9A1E7A4F7556}") = "MedicalSystem.Application", "MedicalSystem.Application\MedicalSystem.Application.csproj", "{D64C178D-544A-4A8F-95FF-B9233C368633}"
EndProject
Project("{9A19103F-16F7-4668-BE54-9A1E7A4F7556}") = "MedicalSystem.Infrastructure", "MedicalSystem.Infrastructure\MedicalSystem.Infrastructure.csproj", "{15B1295C-374B-4DD6-9BED-F9485509ADA8}"
EndProject
Project("{9A19103F-16F7-4668-BE54-9A1E7A4F7556}") = "MedicalSystem.Domain", "MedicalSystem.Domain\MedicalSystem.Domain.csproj", "{F4998275-83B2-430A-AA1C-CCBC92C8C4E1}"
EndProject
Project("{FAE04EC0-301F-11D3-BF4B-00C04F79EFBC}") = "MedicalSystem.Test", "MedicalSystem.Test\MedicalSystem.Test.csproj", "{7DD607AD-36F8-4F8B-8281-E7285D7B339A}"
EndProject
Global
	GlobalSection(SolutionConfigurationPlatforms) = preSolution
		Debug|Any CPU = Debug|Any CPU
		Release|Any CPU = Release|Any CPU
	EndGlobalSection
	GlobalSection(ProjectConfigurationPlatforms) = postSolution
		{C8C270B0-1BB6-476E-8750-819BBC4F709B}.Debug|Any CPU.ActiveCfg = Debug|Any CPU
		{C8C270B0-1BB6-476E-8750-819BBC4F709B}.Debug|Any CPU.Build.0 = Debug|Any CPU
		{C8C270B0-1BB6-476E-8750-819BBC4F709B}.Release|Any CPU.ActiveCfg = Release|Any CPU
		{C8C270B0-1BB6-476E-8750-819BBC4F709B}.Release|Any CPU.Build.0 = Release|Any CPU
		{D64C178D-544A-4A8F-95FF-B9233C368633}.Debug|Any CPU.ActiveCfg = Debug|Any CPU
		{D64C178D-544A-4A8F-95FF-B9233C368633}.Debug|Any CPU.Build.0 = Debug|Any CPU
		{D64C178D-544A-4A8F-95FF-B9233C368633}.Release|Any CPU.ActiveCfg = Release|Any CPU
		{D64C178D-544A-4A8F-95FF-B9233C368633}.Release|Any CPU.Build.0 = Release|Any CPU
		{15B1295C-374B-4DD6-9BED-F9485509ADA8}.Debug|Any CPU.ActiveCfg = Debug|Any CPU
		{15B1295C-374B-4DD6-9BED-F9485509ADA8}.Debug|Any CPU.Build.0 = Debug|Any CPU
		{15B1295C-374B-4DD6-9BED-F9485509ADA8}.Release|Any CPU.ActiveCfg = Release|Any CPU
		{15B1295C-374B-4DD6-9BED-F9485509ADA8}.Release|Any CPU.Build.0 = Release|Any CPU
		{F4998275-83B2-430A-AA1C-CCBC92C8C4E1}.Debug|Any CPU.ActiveCfg = Debug|Any CPU
		{F4998275-83B2-430A-AA1C-CCBC92C8C4E1}.Debug|Any CPU.Build.0 = Debug|Any CPU
		{F4998275-83B2-430A-AA1C-CCBC92C8C4E1}.Release|Any CPU.ActiveCfg = Release|Any CPU
		{F4998275-83B2-430A-AA1C-CCBC92C8C4E1}.Release|Any CPU.Build.0 = Release|Any CPU
		{7DD607AD-36F8-4F8B-8281-E7285D7B339A}.Debug|Any CPU.ActiveCfg = Debug|Any CPU
		{7DD607AD-36F8-4F8B-8281-E7285D7B339A}.Debug|Any CPU.Build.0 = Debug|Any CPU
		{7DD607AD-36F8-4F8B-8281-E7285D7B339A}.Release|Any CPU.ActiveCfg = Release|Any CPU
		{7DD607AD-36F8-4F8B-8281-E7285D7B339A}.Release|Any CPU.Build.0 = Release|Any CPU
	EndGlobalSection
	GlobalSection(SolutionProperties) = preSolution
		HideSolutionNode = FALSE
	EndGlobalSection
	GlobalSection(ExtensibilityGlobals) = postSolution
		SolutionGuid = {F99ECFDB-B705-4BB5-83D1-1DB97B887B1C}
	EndGlobalSection
EndGlobal
